
Microsoft Visual Studio Solution File, Format Version 12.00
# Visual Studio Version 17
VisualStudioVersion = 17.0.31903.59
MinimumVisualStudioVersion = 10.0.40219.1
Project("{FAE04EC0-301F-11D3-BF4B-00C04F79EFBC}") = "Maliev.PaymentService.Api", "Maliev.PaymentService.Api\Maliev.PaymentService.Api.csproj", "{4CD7FBDE-4625-43CA-A95A-FA033637E457}"
EndProject
Project("{FAE04EC0-301F-11D3-BF4B-00C04F79EFBC}") = "Maliev.PaymentService.Core", "Maliev.PaymentService.Core\Maliev.PaymentService.Core.csproj", "{7F435879-E779-429D-ACD5-32A74A84D43C}"
EndProject
Project("{FAE04EC0-301F-11D3-BF4B-00C04F79EFBC}") = "Maliev.PaymentService.Infrastructure", "Maliev.PaymentService.Infrastructure\Maliev.PaymentService.Infrastructure.csproj", "{D2665FE9-24CF-43BD-B4EA-1CCABBE56558}"
EndProject
Project("{FAE04EC0-301F-11D3-BF4B-00C04F79EFBC}") = "Maliev.PaymentService.Tests", "Maliev.PaymentService.Tests\Maliev.PaymentService.Tests.csproj", "{86DACB48-6777-47A9-8795-FD9FC5F73EAC}"
EndProject
Global
	GlobalSection(SolutionConfigurationPlatforms) = preSolution
		Debug|Any CPU = Debug|Any CPU
		Debug|x64 = Debug|x64
		Debug|x86 = Debug|x86
		Release|Any CPU = Release|Any CPU
		Release|x64 = Release|x64
		Release|x86 = Release|x86
	EndGlobalSection
	GlobalSection(ProjectConfigurationPlatforms) = postSolution
		{4CD7FBDE-4625-43CA-A95A-FA033637E457}.Debug|Any CPU.ActiveCfg = Debug|Any CPU
		{4CD7FBDE-4625-43CA-A95A-FA033637E457}.Debug|Any CPU.Build.0 = Debug|Any CPU
		{4CD7FBDE-4625-43CA-A95A-FA033637E457}.Debug|x64.ActiveCfg = Debug|Any CPU
		{4CD7FBDE-4625-43CA-A95A-FA033637E457}.Debug|x64.Build.0 = Debug|Any CPU
		{4CD7FBDE-4625-43CA-A95A-FA033637E457}.Debug|x86.ActiveCfg = Debug|Any CPU
		{4CD7FBDE-4625-43CA-A95A-FA033637E457}.Debug|x86.Build.0 = Debug|Any CPU
		{4CD7FBDE-4625-43CA-A95A-FA033637E457}.Release|Any CPU.ActiveCfg = Release|Any CPU
		{4CD7FBDE-4625-43CA-A95A-FA033637E457}.Release|Any CPU.Build.0 = Release|Any CPU
		{4CD7FBDE-4625-43CA-A95A-FA033637E457}.Release|x64.ActiveCfg = Release|Any CPU
		{4CD7FBDE-4625-43CA-A95A-FA033637E457}.Release|x64.Build.0 = Release|Any CPU
		{4CD7FBDE-4625-43CA-A95A-FA033637E457}.Release|x86.ActiveCfg = Release|Any CPU
		{4CD7FBDE-4625-43CA-A95A-FA033637E457}.Release|x86.Build.0 = Release|Any CPU
		{7F435879-E779-429D-ACD5-32A74A84D43C}.Debug|Any CPU.ActiveCfg = Debug|Any CPU
		{7F435879-E779-429D-ACD5-32A74A84D43C}.Debug|Any CPU.Build.0 = Debug|Any CPU
		{7F435879-E779-429D-ACD5-32A74A84D43C}.Debug|x64.ActiveCfg = Debug|Any CPU
		{7F435879-E779-429D-ACD5-32A74A84D43C}.Debug|x64.Build.0 = Debug|Any CPU
		{7F435879-E779-429D-ACD5-32A74A84D43C}.Debug|x86.ActiveCfg = Debug|Any CPU
		{7F435879-E779-429D-ACD5-32A74A84D43C}.Debug|x86.Build.0 = Debug|Any CPU
		{7F435879-E779-429D-ACD5-32A74A84D43C}.Release|Any CPU.ActiveCfg = Release|Any CPU
		{7F435879-E779-429D-ACD5-32A74A84D43C}.Release|Any CPU.Build.0 = Release|Any CPU
		{7F435879-E779-429D-ACD5-32A74A84D43C}.Release|x64.ActiveCfg = Release|Any CPU
		{7F435879-E779-429D-ACD5-32A74A84D43C}.Release|x64.Build.0 = Release|Any CPU
		{7F435879-E779-429D-ACD5-32A74A84D43C}.Release|x86.ActiveCfg = Release|Any CPU
		{7F435879-E779-429D-ACD5-32A74A84D43C}.Release|x86.Build.0 = Release|Any CPU
		{D2665FE9-24CF-43BD-B4EA-1CCABBE56558}.Debug|Any CPU.ActiveCfg = Debug|Any CPU
		{D2665FE9-24CF-43BD-B4EA-1CCABBE56558}.Debug|Any CPU.Build.0 = Debug|Any CPU
		{D2665FE9-24CF-43BD-B4EA-1CCABBE56558}.Debug|x64.ActiveCfg = Debug|Any CPU
		{D2665FE9-24CF-43BD-B4EA-1CCABBE56558}.Debug|x64.Build.0 = Debug|Any CPU
		{D2665FE9-24CF-43BD-B4EA-1CCABBE56558}.Debug|x86.ActiveCfg = Debug|Any CPU
		{D2665FE9-24CF-43BD-B4EA-1CCABBE56558}.Debug|x86.Build.0 = Debug|Any CPU
		{D2665FE9-24CF-43BD-B4EA-1CCABBE56558}.Release|Any CPU.ActiveCfg = Release|Any CPU
		{D2665FE9-24CF-43BD-B4EA-1CCABBE56558}.Release|Any CPU.Build.0 = Release|Any CPU
		{D2665FE9-24CF-43BD-B4EA-1CCABBE56558}.Release|x64.ActiveCfg = Release|Any CPU
		{D2665FE9-24CF-43BD-B4EA-1CCABBE56558}.Release|x64.Build.0 = Release|Any CPU
		{D2665FE9-24CF-43BD-B4EA-1CCABBE56558}.Release|x86.ActiveCfg = Release|Any CPU
		{D2665FE9-24CF-43BD-B4EA-1CCABBE56558}.Release|x86.Build.0 = Release|Any CPU
		{86DACB48-6777-47A9-8795-FD9FC5F73EAC}.Debug|Any CPU.ActiveCfg = Debug|Any CPU
		{86DACB48-6777-47A9-8795-FD9FC5F73EAC}.Debug|Any CPU.Build.0 = Debug|Any CPU
		{86DACB48-6777-47A9-8795-FD9FC5F73EAC}.Debug|x64.ActiveCfg = Debug|Any CPU
		{86DACB48-6777-47A9-8795-FD9FC5F73EAC}.Debug|x64.Build.0 = Debug|Any CPU
		{86DACB48-6777-47A9-8795-FD9FC5F73EAC}.Debug|x86.ActiveCfg = Debug|Any CPU
		{86DACB48-6777-47A9-8795-FD9FC5F73EAC}.Debug|x86.Build.0 = Debug|Any CPU
		{86DACB48-6777-47A9-8795-FD9FC5F73EAC}.Release|Any CPU.ActiveCfg = Release|Any CPU
		{86DACB48-6777-47A9-8795-FD9FC5F73EAC}.Release|Any CPU.Build.0 = Release|Any CPU
		{86DACB48-6777-47A9-8795-FD9FC5F73EAC}.Release|x64.ActiveCfg = Release|Any CPU
		{86DACB48-6777-47A9-8795-FD9FC5F73EAC}.Release|x64.Build.0 = Release|Any CPU
		{86DACB48-6777-47A9-8795-FD9FC5F73EAC}.Release|x86.ActiveCfg = Release|Any CPU
		{86DACB48-6777-47A9-8795-FD9FC5F73EAC}.Release|x86.Build.0 = Release|Any CPU
	EndGlobalSection
	GlobalSection(SolutionProperties) = preSolution
		HideSolutionNode = FALSE
	EndGlobalSection
EndGlobal
