{
  "version": 1,
  "dependencies": {
    "net10.0": {
      "MassTransit.RabbitMQ": {
        "type": "Direct",
        "requested": "[8.5.10, )",
        "resolved": "8.5.10",
        "contentHash": "5aQGpJpeqRhRv+htkXfi6MfWu0dj/4Lcf1c6h2J3tYZClupGklqB1ixlP3IRdZExrH9BI/60uYoxR+7pg3s1oQ==",
        "dependencies": {
          "MassTransit": "8.5.10",
          "RabbitMQ.Client": "7.2.1"
        }
      },
      "Microsoft.AspNetCore.DataProtection": {
        "type": "Direct",
        "requested": "[10.0.10, )",
        "resolved": "10.0.10",
        "contentHash": "5sfrNrBShTlJeXvWNxjPS7ilLY4H6MICZPMZr/2vjoDoBH5Z8sQYJwbhulqfXh4yIpxIto0TcmOQHOElvpq+iQ==",
        "dependencies": {
          "Microsoft.AspNetCore.Cryptography.Internal": "10.0.10",
          "Microsoft.AspNetCore.DataProtection.Abstractions": "10.0.10",
          "Microsoft.Extensions.DependencyInjection.Abstractions": "10.0.10",
          "Microsoft.Extensions.Hosting.Abstractions": "10.0.10",
          "Microsoft.Extensions.Logging.Abstractions": "10.0.10",
          "Microsoft.Extensions.Options": "10.0.10",
          "System.Security.Cryptography.Xml": "10.0.10"
        }
      },
      "Microsoft.EntityFrameworkCore": {
        "type": "Direct",
        "requested": "[9.0.18, )",
        "resolved": "9.0.18",
        "contentHash": "ByxJvHZwP1QWLXmPLNClJ4mVAgzAjzdKlK/pb2E9qbyuQdhwGTy/yfTDsPlwYtXlwnDes9/2p4mOP/+Cbo4pFA==",
        "dependencies": {
          "Microsoft.EntityFrameworkCore.Abstractions": "9.0.18",
          "Microsoft.EntityFrameworkCore.Analyzers": "9.0.18",
          "Microsoft.Extensions.Caching.Memory": "9.0.18",
          "Microsoft.Extensions.Logging": "9.0.18"
        }
      },
      "Microsoft.EntityFrameworkCore.Design": {
        "type": "Direct",
        "requested": "[9.0.18, )",
        "resolved": "9.0.18",
        "contentHash": "2Uxb8lOn29yaFZIXBF2m9lrziYpxnSB+KSegj/4xqjLWW/AdGIdz4AYPajgSY9DPUI5AP1WTO4EwjP5LorukxA==",
        "dependencies": {
          "Humanizer.Core": "2.14.1",
          "Microsoft.Build.Framework": "17.8.43",
          "Microsoft.Build.Locator": "1.7.8",
          "Microsoft.CodeAnalysis.CSharp": "4.8.0",
          "Microsoft.CodeAnalysis.CSharp.Workspaces": "4.8.0",
          "Microsoft.CodeAnalysis.Workspaces.MSBuild": "4.8.0",
          "Microsoft.EntityFrameworkCore.Relational": "9.0.18",
          "Microsoft.Extensions.Caching.Memory": "9.0.18",
          "Microsoft.Extensions.Configuration.Abstractions": "9.0.18",
          "Microsoft.Extensions.DependencyModel": "9.0.18",
          "Microsoft.Extensions.Logging": "9.0.18",
          "Mono.TextTemplating": "3.0.0"
        }
      },
      "Microsoft.Extensions.Caching.StackExchangeRedis": {
        "type": "Direct",
        "requested": "[10.0.10, )",
        "resolved": "10.0.10",
        "contentHash": "E+3pfEY68WQh1ZVFTGDNK0JCoayzL3aIDgVHHM85HIbQO7MiABG14A7+ajHH2P/y3a4W2Rla5p2nzut3+mzoyQ==",
        "dependencies": {
          "Microsoft.Extensions.Caching.Abstractions": "10.0.10",
          "Microsoft.Extensions.Logging.Abstractions": "10.0.10",
          "Microsoft.Extensions.Options": "10.0.10",
          "StackExchange.Redis": "2.7.27"
        }
      },
      "Microsoft.Extensions.Configuration.Binder": {
        "type": "Direct",
        "requested": "[10.0.10, )",
        "resolved": "10.0.10",
        "contentHash": "GqmN2o1CkJvk7uWp+p4CwBYW0w/zfoEbvsiFDbO2G8l1Uz+mrDAbAcZiXhU2lufKPby1cjAUdd5GTWpebYOkOA==",
        "dependencies": {
          "Microsoft.Extensions.Configuration": "10.0.10",
          "Microsoft.Extensions.Configuration.Abstractions": "10.0.10"
        }
      },
      "Npgsql.EntityFrameworkCore.PostgreSQL": {
        "type": "Direct",
        "requested": "[9.0.4, )",
        "resolved": "9.0.4",
        "contentHash": "mw5vcY2IEc7L+IeGrxpp/J5OSnCcjkjAgJYCm/eD52wpZze8zsSifdqV7zXslSMmfJG2iIUGZyo3KuDtEFKwMQ==",
        "dependencies": {
          "Microsoft.EntityFrameworkCore": "[9.0.1, 10.0.0)",
          "Microsoft.EntityFrameworkCore.Relational": "[9.0.1, 10.0.0)",
          "Npgsql": "9.0.3"
        }
      },
      "Polly": {
        "type": "Direct",
        "requested": "[8.7.0, )",
        "resolved": "8.7.0",
        "contentHash": "0qR4f0OR8FeCAfLWcfwzAM7w6EmpUgwa22PgxKjcL25dEAto7sKpQQXbtxp38vVvK+V3RFkh/TeI7g/iUdoYIQ==",
        "dependencies": {
          "Polly.Core": "8.7.0"
        }
      },
      "prometheus-net": {
        "type": "Direct",
        "requested": "[8.2.1, )",
        "resolved": "8.2.1",
        "contentHash": "3wVgdEPOCBF752s2xps5T+VH+c9mJK8S8GKEDg49084P6JZMumTZI5Te6aJ9MQpX0sx7om6JOnBpIi7ZBmmiDQ==",
        "dependencies": {
          "Microsoft.Extensions.Http": "3.1.0",
          "Microsoft.Extensions.ObjectPool": "7.0.0"
        }
      },
      "StackExchange.Redis": {
        "type": "Direct",
        "requested": "[2.13.17, )",
        "resolved": "2.13.17",
        "contentHash": "P7o7ZDBAmBrOLQEw8Pt44iIA08ioj48smRxn4Jp6yzCu6P3DOSU6lj7f+IOtN3pPvSgC9YufvM92ycukEEBCYQ==",
        "dependencies": {
          "Microsoft.Extensions.Logging.Abstractions": "8.0.0",
          "Pipelines.Sockets.Unofficial": "2.2.16",
          "System.IO.Hashing": "10.0.2"
        }
      },
      "Humanizer.Core": {
        "type": "Transitive",
        "resolved": "2.14.1",
        "contentHash": "lQKvtaTDOXnoVJ20ibTuSIOf2i0uO0MPbDhd1jm238I+U/2ZnRENj0cktKZhtchBMtCUSRQ5v4xBCUbKNmyVMw=="
      },
      "MassTransit": {
        "type": "Transitive",
        "resolved": "8.5.10",
        "contentHash": "TGi34UA8RftBIpYCHEdoIP5uSu2/pLWZRen4RUcg4CV1nr8MmCZMuFYjzvXXUyFcj0ZuRQxZZNhG7fB5/raSOg==",
        "dependencies": {
          "MassTransit.Abstractions": "8.5.10",
          "Microsoft.Extensions.DependencyInjection.Abstractions": "10.0.0",
          "Microsoft.Extensions.Diagnostics.HealthChecks": "10.0.0",
          "Microsoft.Extensions.Hosting.Abstractions": "10.0.0",
          "Microsoft.Extensions.Logging.Abstractions": "10.0.0",
          "Microsoft.Extensions.Options": "10.0.0"
        }
      },
      "MassTransit.Abstractions": {
        "type": "Transitive",
        "resolved": "8.5.10",
        "contentHash": "nZnm2YNH+NcVwY6yC114sJy8J9LtKdFjfKUm/A5HfmzOlZ8ksjgHaPBg5XCG1VAqKDRDFnaudIcesVultKJD7g=="
      },
      "Microsoft.AspNetCore.Cryptography.Internal": {
        "type": "Transitive",
        "resolved": "10.0.10",
        "contentHash": "T/kOT3kAVZU1B0QlpRxASpdbAJ/o5DLFW7bWS6vyE44uMqPmojEcaFENt6ww1xaLH++ZNwsEJ1YUOwPK050lNQ=="
      },
      "Microsoft.AspNetCore.DataProtection.Abstractions": {
        "type": "Transitive",
        "resolved": "10.0.10",
        "contentHash": "q2RNx0N/qrsU+JgbPE78I9pu5ekwguitAFVoeE1NCgxtkUTguvf7oTzBnn42zSQxuugJ4fmj0RSarob8Rvorrg=="
      },
      "Microsoft.Bcl.AsyncInterfaces": {
        "type": "Transitive",
        "resolved": "7.0.0",
        "contentHash": "3aeMZ1N0lJoSyzqiP03hqemtb1BijhsJADdobn/4nsMJ8V1H+CrpuduUe4hlRdx+ikBQju1VGjMD1GJ3Sk05Eg=="
      },
      "Microsoft.Build.Framework": {
        "type": "Transitive",
        "resolved": "17.8.43",
        "contentHash": "TA6fCbd9qFSyhIKcUn5BhDN3/JrqpspO9KYsZKUvHyQpQrHVdzy4Hk6egjjBP3T0L562TLZuHEzQwJziyRBEkw=="
      },
      "Microsoft.Build.Locator": {
        "type": "Transitive",
        "resolved": "1.7.8",
        "contentHash": "sPy10x527Ph16S2u0yGME4S6ohBKJ69WfjeGG/bvELYeZVmJdKjxgnlL8cJJJLGV/cZIRqSfB12UDB8ICakOog=="
      },
      "Microsoft.CodeAnalysis.Analyzers": {
        "type": "Transitive",
        "resolved": "3.3.4",
        "contentHash": "AxkxcPR+rheX0SmvpLVIGLhOUXAKG56a64kV9VQZ4y9gR9ZmPXnqZvHJnmwLSwzrEP6junUF11vuc+aqo5r68g=="
      },
      "Microsoft.CodeAnalysis.Common": {
        "type": "Transitive",
        "resolved": "4.8.0",
        "contentHash": "/jR+e/9aT+BApoQJABlVCKnnggGQbvGh7BKq2/wI1LamxC+LbzhcLj4Vj7gXCofl1n4E521YfF9w0WcASGg/KA==",
        "dependencies": {
          "Microsoft.CodeAnalysis.Analyzers": "3.3.4"
        }
      },
      "Microsoft.CodeAnalysis.CSharp": {
        "type": "Transitive",
        "resolved": "4.8.0",
        "contentHash": "+3+qfdb/aaGD8PZRCrsdobbzGs1m9u119SkkJt8e/mk3xLJz/udLtS2T6nY27OTXxBBw10HzAbC8Z9w08VyP/g==",
        "dependencies": {
          "Microsoft.CodeAnalysis.Common": "[4.8.0]"
        }
      },
      "Microsoft.CodeAnalysis.CSharp.Workspaces": {
        "type": "Transitive",
        "resolved": "4.8.0",
        "contentHash": "3amm4tq4Lo8/BGvg9p3BJh3S9nKq2wqCXfS7138i69TUpo/bD+XvD0hNurpEBtcNZhi1FyutiomKJqVF39ugYA==",
        "dependencies": {
          "Humanizer.Core": "2.14.1",
          "Microsoft.CodeAnalysis.CSharp": "[4.8.0]",
          "Microsoft.CodeAnalysis.Common": "[4.8.0]",
          "Microsoft.CodeAnalysis.Workspaces.Common": "[4.8.0]"
        }
      },
      "Microsoft.CodeAnalysis.Workspaces.Common": {
        "type": "Transitive",
        "resolved": "4.8.0",
        "contentHash": "LXyV+MJKsKRu3FGJA3OmSk40OUIa/dQCFLOnm5X8MNcujx7hzGu8o+zjXlb/cy5xUdZK2UKYb9YaQ2E8m9QehQ==",
        "dependencies": {
          "Humanizer.Core": "2.14.1",
          "Microsoft.Bcl.AsyncInterfaces": "7.0.0",
          "Microsoft.CodeAnalysis.Common": "[4.8.0]",
          "System.Composition": "7.0.0"
        }
      },
      "Microsoft.CodeAnalysis.Workspaces.MSBuild": {
        "type": "Transitive",
        "resolved": "4.8.0",
        "contentHash": "IEYreI82QZKklp54yPHxZNG9EKSK6nHEkeuf+0Asie9llgS1gp0V1hw7ODG+QyoB7MuAnNQHmeV1Per/ECpv6A==",
        "dependencies": {
          "Microsoft.Build.Framework": "16.10.0",
          "Microsoft.CodeAnalysis.Common": "[4.8.0]",
          "Microsoft.CodeAnalysis.Workspaces.Common": "[4.8.0]"
        }
      },
      "Microsoft.EntityFrameworkCore.Abstractions": {
        "type": "Transitive",
        "resolved": "9.0.18",
        "contentHash": "4nD2ZtEG/fNyHT4bo0MovOw6wDVv2xunhmRm448AKbX3y2ohEZkkxI4Nm+JHBZmluzsV6HHWFRWawFj8VuNltg=="
      },
      "Microsoft.EntityFrameworkCore.Analyzers": {
        "type": "Transitive",
        "resolved": "9.0.18",
        "contentHash": "KI+qKZHU1OfEUjQEpQEh/EXo9wN8DP+Jt1aReNJe/MezR/cVTr79c4VeMv4cyizki7YWW3DDDWZCcy/Eiay6dg=="
      },
      "Microsoft.EntityFrameworkCore.Relational": {
        "type": "Transitive",
        "resolved": "9.0.18",
        "contentHash": "kn6DongUAVevGsydWJdJUB0N6QamtwyDjhwrbV8Yrfs84i5rcEj5SY+3eyPzAInzd1icrZBd7A+r0yEpULkjEg==",
        "dependencies": {
          "Microsoft.EntityFrameworkCore": "9.0.18",
          "Microsoft.Extensions.Caching.Memory": "9.0.18",
          "Microsoft.Extensions.Configuration.Abstractions": "9.0.18",
          "Microsoft.Extensions.Logging": "9.0.18"
        }
      },
      "Microsoft.Extensions.Caching.Abstractions": {
        "type": "Transitive",
        "resolved": "10.0.10",
        "contentHash": "4ZFBNE+jzR+CrWWlhOesnmywCW7pYKT0dxyAQRdL11yJwxe4jvcAu31eorFtEkoFeCDcUTeNssgPv2yaRRptaQ==",
        "dependencies": {
          "Microsoft.Extensions.Primitives": "10.0.10"
        }
      },
      "Microsoft.Extensions.Caching.Memory": {
        "type": "Transitive",
        "resolved": "9.0.18",
        "contentHash": "ZQ+x93CRR8DOGT+YPP4YXvwTAJ0MfvAghs5cwCSvtZFiORSfprAw9f67d0QDhf6PCIYyFsMKFB+PI3p9lpiMUQ==",
        "dependencies": {
          "Microsoft.Extensions.Caching.Abstractions": "9.0.18",
          "Microsoft.Extensions.DependencyInjection.Abstractions": "9.0.18",
          "Microsoft.Extensions.Logging.Abstractions": "9.0.18",
          "Microsoft.Extensions.Options": "9.0.18",
          "Microsoft.Extensions.Primitives": "9.0.18"
        }
      },
      "Microsoft.Extensions.Configuration": {
        "type": "Transitive",
        "resolved": "10.0.10",
        "contentHash": "plJWK2zpWuuyxI8F8s2scx6Je7N1Ajjs6HvYUGKwRnDMWIVIz9FHwAkiT7ASgrvAOd10T0FPVlh9BzAJJME+jg==",
        "dependencies": {
          "Microsoft.Extensions.Configuration.Abstractions": "10.0.10",
          "Microsoft.Extensions.Primitives": "10.0.10"
        }
      },
      "Microsoft.Extensions.Configuration.Abstractions": {
        "type": "Transitive",
        "resolved": "10.0.10",
        "contentHash": "5Vnd2I75DmZCVEjSynIdJ/0EGafgnLQwgR3t2C2/fkjx/nRG+cLwxLLdInoHeCEpkD5K4Ov/g9ZCRYrl4TRsaA==",
        "dependencies": {
          "Microsoft.Extensions.Primitives": "10.0.10"
        }
      },
      "Microsoft.Extensions.DependencyInjection": {
        "type": "Transitive",
        "resolved": "9.0.18",
        "contentHash": "xPoYhpBypsweLpZ29GPp6Kv6g1fZMUwJ800D/xO7ASuNn5zx0BNIP600wXXhbPNeO8kKngFRtoWplRffxBUDgw==",
        "dependencies": {
          "Microsoft.Extensions.DependencyInjection.Abstractions": "9.0.18"
        }
      },
      "Microsoft.Extensions.DependencyInjection.Abstractions": {
        "type": "Transitive",
        "resolved": "10.0.10",
        "contentHash": "z/2xXlFw2aLGjHyEm6E0tQ+In6VfzQzTrtArbQ2c0TQE16ZbyDCMGPvaUT9I0s8rgy9sRWlU2P9waW37qV04qA=="
      },
      "Microsoft.Extensions.DependencyModel": {
        "type": "Transitive",
        "resolved": "9.0.18",
        "contentHash": "uv+aDeo/9tDFxb5ykdU9WTPYDOzeFK53m51QbYHaWe7IvPRMSyMDUlDDXSRYJ2aPNWAE5ISPjvvHQL9UlQS+vw=="
      },
      "Microsoft.Extensions.Diagnostics.Abstractions": {
        "type": "Transitive",
        "resolved": "10.0.10",
        "contentHash": "9uWiKpeOVac355STyChWR/pliFX/5CeLqChW9kKsaxyDH4EUTZxMkT4Jwp/J/peLm0GBFmSX5c0WCse3yCnq1Q==",
        "dependencies": {
          "Microsoft.Extensions.DependencyInjection.Abstractions": "10.0.10",
          "Microsoft.Extensions.Options": "10.0.10"
        }
      },
      "Microsoft.Extensions.Diagnostics.HealthChecks": {
        "type": "Transitive",
        "resolved": "10.0.0",
        "contentHash": "4x6y2Uy+g9Ou93eBCVkG/3JCwnc2AMKhrE1iuEhXT/MzNN7co/Zt6yL+q1Srt0CnOe3iLX+sVqpJI4ZGlOPfug==",
        "dependencies": {
          "Microsoft.Extensions.Diagnostics.HealthChecks.Abstractions": "10.0.0",
          "Microsoft.Extensions.Hosting.Abstractions": "10.0.0",
          "Microsoft.Extensions.Logging.Abstractions": "10.0.0",
          "Microsoft.Extensions.Options": "10.0.0"
        }
      },
      "Microsoft.Extensions.Diagnostics.HealthChecks.Abstractions": {
        "type": "Transitive",
        "resolved": "10.0.0",
        "contentHash": "jAhZbzDa117otUBMuQQ6JzSfuDbBBrfOs5jw5l7l9hKpzt+LjYKVjSauXG2yV9u7BqUSLUtKLwcerDQDeQ+0Xw=="
      },
      "Microsoft.Extensions.FileProviders.Abstractions": {
        "type": "Transitive",
        "resolved": "10.0.10",
        "contentHash": "c5zqFCY9DiIpMovLd7/d/CTiEtrMOuQ639dhv3PABtKQIKNQikSHwQt8+N679uii9q+B55lgK28Uv64FOwEu8w==",
        "dependencies": {
          "Microsoft.Extensions.Primitives": "10.0.10"
        }
      },
      "Microsoft.Extensions.Hosting.Abstractions": {
        "type": "Transitive",
        "resolved": "10.0.10",
        "contentHash": "5LugpYGHk+mkn0a8IZgcyfBca8PCTAU9RQFoMrTdtOOidq88M2SI5f3px6ugnzgxC+eTkvYYJi8pzlUnG5xdAQ==",
        "dependencies": {
          "Microsoft.Extensions.Configuration.Abstractions": "10.0.10",
          "Microsoft.Extensions.DependencyInjection.Abstractions": "10.0.10",
          "Microsoft.Extensions.Diagnostics.Abstractions": "10.0.10",
          "Microsoft.Extensions.FileProviders.Abstractions": "10.0.10",
          "Microsoft.Extensions.Logging.Abstractions": "10.0.10"
        }
      },
      "Microsoft.Extensions.Http": {
        "type": "Transitive",
        "resolved": "3.1.0",
        "contentHash": "DLigdcV0nYaT6/ly0rnfP80BnXq8NNd/h8/SkfY39uio7Bd9LauVntp6RcRh1Kj23N+uf80GgL7Win6P3BCtoQ==",
        "dependencies": {
          "Microsoft.Extensions.DependencyInjection.Abstractions": "3.1.0",
          "Microsoft.Extensions.Logging": "3.1.0",
          "Microsoft.Extensions.Options": "3.1.0"
        }
      },
      "Microsoft.Extensions.Logging": {
        "type": "Transitive",
        "resolved": "9.0.18",
        "contentHash": "LuOCZhcJ4TeCLE99TRqI1FHReB29G7bAPInrAAG3E85/S+E4mcrmaoeoXLnOUi6DEosx87pauyFNICdiFIFqkA==",
        "dependencies": {
          "Microsoft.Extensions.DependencyInjection": "9.0.18",
          "Microsoft.Extensions.Logging.Abstractions": "9.0.18",
          "Microsoft.Extensions.Options": "9.0.18"
        }
      },
      "Microsoft.Extensions.Logging.Abstractions": {
        "type": "Transitive",
        "resolved": "10.0.10",
        "contentHash": "zkFxGYUvdxAvIKTyXHrmW+Sux53D4SezD9dMyZ6hrwwzPQJNuwCRy1f5W7AvYTqacEGhWF2XderRQG1OvbV8og==",
        "dependencies": {
          "Microsoft.Extensions.DependencyInjection.Abstractions": "10.0.10"
        }
      },
      "Microsoft.Extensions.ObjectPool": {
        "type": "Transitive",
        "resolved": "7.0.0",
        "contentHash": "udvKco0sAVgYGTBnHUb0tY9JQzJ/nPDiv/8PIyz69wl1AibeCDZOLVVI+6156dPfHmJH7ws5oUJRiW4ZmAvuuA=="
      },
      "Microsoft.Extensions.Options": {
        "type": "Transitive",
        "resolved": "10.0.10",
        "contentHash": "srnhnk7nE8krBiIXp71LvBmKBtraBONWSRzdjJgRv1Ko9Mp8IVNqv4vIS9hGeVteBig8aQkva9ZG+sC+o5sVcA==",
        "dependencies": {
          "Microsoft.Extensions.DependencyInjection.Abstractions": "10.0.10",
          "Microsoft.Extensions.Primitives": "10.0.10"
        }
      },
      "Microsoft.Extensions.Primitives": {
        "type": "Transitive",
        "resolved": "10.0.10",
        "contentHash": "5wu/GrYVd8mG2DVUw3vFJzF+O336TyTGg/Kmcgw9bfwYhCoFiV5lR5QeEmKecJyrW4W54nMfD3p3589E8a7czQ=="
      },
      "Mono.TextTemplating": {
        "type": "Transitive",
        "resolved": "3.0.0",
        "contentHash": "YqueG52R/Xej4VVbKuRIodjiAhV0HR/XVbLbNrJhCZnzjnSjgMJ/dCdV0akQQxavX6hp/LC6rqLGLcXeQYU7XA==",
        "dependencies": {
          "System.CodeDom": "6.0.0"
        }
      },
      "Npgsql": {
        "type": "Transitive",
        "resolved": "9.0.3",
        "contentHash": "tPvY61CxOAWxNsKLEBg+oR646X4Bc8UmyQ/tJszL/7mEmIXQnnBhVJZrZEEUv0Bstu0mEsHZD5At3EO8zQRAYw==",
        "dependencies": {
          "Microsoft.Extensions.Logging.Abstractions": "8.0.2"
        }
      },
      "Pipelines.Sockets.Unofficial": {
        "type": "Transitive",
        "resolved": "2.2.16",
        "contentHash": "nonu9l0YrZH6krVYbskBjE7uG0VMAnvOQ9PU+RmzUsy+++vHkqzzCkHRoP877OiA3iRTxJyNDLfpcU8hrJ3/YQ=="
      },
      "Polly.Core": {
        "type": "Transitive",
        "resolved": "8.7.0",
        "contentHash": "BS2t+nsBer16PIebCEPNBK5fgMisADQyRCd7K+BgkMWpFmSaiYE+rVVNpFhGRqUkJmNSLmw0uCNzHHWfgml28Q=="
      },
      "RabbitMQ.Client": {
        "type": "Transitive",
        "resolved": "7.2.1",
        "contentHash": "YKXEfg9fVQiTKgZlvIhAfPSFaamEgi8DsQmisCH0IAsU4FYLrtoguDrDj6JtJVGUt40QPnBLRH6fTQcAC4qsOg==",
        "dependencies": {
          "System.Threading.RateLimiting": "8.0.0"
        }
      },
      "System.CodeDom": {
        "type": "Transitive",
        "resolved": "6.0.0",
        "contentHash": "CPc6tWO1LAer3IzfZufDBRL+UZQcj5uS207NHALQzP84Vp/z6wF0Aa0YZImOQY8iStY0A2zI/e3ihKNPfUm8XA=="
      },
      "System.Composition": {
        "type": "Transitive",
        "resolved": "7.0.0",
        "contentHash": "tRwgcAkDd85O8Aq6zHDANzQaq380cek9lbMg5Qma46u5BZXq/G+XvIYmu+UI+BIIZ9zssXLYrkTykEqxxvhcmg==",
        "dependencies": {
          "System.Composition.AttributedModel": "7.0.0",
          "System.Composition.Convention": "7.0.0",
          "System.Composition.Hosting": "7.0.0",
          "System.Composition.Runtime": "7.0.0",
          "System.Composition.TypedParts": "7.0.0"
        }
      },
      "System.Composition.AttributedModel": {
        "type": "Transitive",
        "resolved": "7.0.0",
        "contentHash": "2QzClqjElKxgI1jK1Jztnq44/8DmSuTSGGahXqQ4TdEV0h9s2KikQZIgcEqVzR7OuWDFPGLHIprBJGQEPr8fAQ=="
      },
      "System.Composition.Convention": {
        "type": "Transitive",
        "resolved": "7.0.0",
        "contentHash": "IMhTlpCs4HmlD8B+J8/kWfwX7vrBBOs6xyjSTzBlYSs7W4OET4tlkR/Sg9NG8jkdJH9Mymq0qGdYS1VPqRTBnQ==",
        "dependencies": {
          "System.Composition.AttributedModel": "7.0.0"
        }
      },
      "System.Composition.Hosting": {
        "type": "Transitive",
        "resolved": "7.0.0",
        "contentHash": "eB6gwN9S+54jCTBJ5bpwMOVerKeUfGGTYCzz3QgDr1P55Gg/Wb27ShfPIhLMjmZ3MoAKu8uUSv6fcCdYJTN7Bg==",
        "dependencies": {
          "System.Composition.Runtime": "7.0.0"
        }
      },
      "System.Composition.Runtime": {
        "type": "Transitive",
        "resolved": "7.0.0",
        "contentHash": "aZJ1Zr5Txe925rbo4742XifEyW0MIni1eiUebmcrP3HwLXZ3IbXUj4MFMUH/RmnJOAQiS401leg/2Sz1MkApDw=="
      },
      "System.Composition.TypedParts": {
        "type": "Transitive",
        "resolved": "7.0.0",
        "contentHash": "ZK0KNPfbtxVceTwh+oHNGUOYV2WNOHReX2AXipuvkURC7s/jPwoWfsu3SnDBDgofqbiWr96geofdQ2erm/KTHg==",
        "dependencies": {
          "System.Composition.AttributedModel": "7.0.0",
          "System.Composition.Hosting": "7.0.0",
          "System.Composition.Runtime": "7.0.0"
        }
      },
      "System.IO.Hashing": {
        "type": "Transitive",
        "resolved": "10.0.2",
        "contentHash": "AKJknIFi9O3+rGExxTry188JPvUoZAPcCtS2qdqyFhIzsxQ1Ap94BeGDG0VzVEHakhmRxmJtVih6TsHoghIt/g=="
      },
      "System.Security.Cryptography.Pkcs": {
        "type": "Transitive",
        "resolved": "10.0.10",
        "contentHash": "KG8t5RHczdgB3IWvRndpI0nE1DSo7ikDYSDbITxfgRFyIvnYiKzuPjaZOsPnwFQ1aOGUl9sEulJul9wlHLEUoA=="
      },
      "System.Security.Cryptography.Xml": {
        "type": "Transitive",
        "resolved": "10.0.10",
        "contentHash": "Mz6Y+s+uMQKj1H2BUF0OhlmaOQkLgSG34/IrUaBDirYBQ6bgwcFvO/XtXWcoDlBLFoFB0uKqDNhybHOd+fQK1A==",
        "dependencies": {
          "System.Security.Cryptography.Pkcs": "10.0.10"
        }
      },
      "System.Threading.RateLimiting": {
        "type": "Transitive",
        "resolved": "8.0.0",
        "contentHash": "7mu9v0QDv66ar3DpGSZHg9NuNcxDaaAcnMULuZlaTpP9+hwXhrxNGsF5GmLkSHxFdb5bBc1TzeujsRgTrPWi+Q=="
      },
      "maliev.paymentservice.core": {
        "type": "Project"
      }
    }
  }
}